// !$*UTF8*$!
{
	archiveVersion = 1;
	classes = {
	};
	objectVersion = 56;
	objects = {

/* Begin PBXBuildFile section */
		E8A29FBF2C0D349500AADDC5 /* Graphics.swift in Sources */ = {isa = PBXBuildFile; fileRef = E8A29F972C0D349500AADDC5 /* Graphics.swift */; };
		E8A29FC02C0D349500AADDC5 /* IndexedBuffer.swift in Sources */ = {isa = PBXBuildFile; fileRef = E8A29F982C0D349500AADDC5 /* IndexedBuffer.swift */; };
		E8A29FC12C0D349500AADDC5 /* IndexedBufferable.swift in Sources */ = {isa = PBXBuildFile; fileRef = E8A29F992C0D349500AADDC5 /* IndexedBufferable.swift */; };
		E8A29FC22C0D349500AADDC5 /* IndexedInstance.swift in Sources */ = {isa = PBXBuildFile; fileRef = E8A29F9A2C0D349500AADDC5 /* IndexedInstance.swift */; };
		E8A29FC32C0D349500AADDC5 /* IndexedInstanceable.swift in Sources */ = {isa = PBXBuildFile; fileRef = E8A29F9B2C0D349500AADDC5 /* IndexedInstanceable.swift */; };
		E8A29FC42C0D349500AADDC5 /* IndexedNightBuffer.swift in Sources */ = {isa = PBXBuildFile; fileRef = E8A29F9C2C0D349500AADDC5 /* IndexedNightBuffer.swift */; };
		E8A29FC52C0D349500AADDC5 /* IndexedShapeBuffer.swift in Sources */ = {isa = PBXBuildFile; fileRef = E8A29F9D2C0D349500AADDC5 /* IndexedShapeBuffer.swift */; };
		E8A29FC62C0D349500AADDC5 /* IndexedShapeInstance.swift in Sources */ = {isa = PBXBuildFile; fileRef = E8A29F9E2C0D349500AADDC5 /* IndexedShapeInstance.swift */; };
		E8A29FC72C0D349500AADDC5 /* IndexedSpriteBuffer.swift in Sources */ = {isa = PBXBuildFile; fileRef = E8A29F9F2C0D349500AADDC5 /* IndexedSpriteBuffer.swift */; };
		E8A29FC82C0D349500AADDC5 /* IndexedSpriteInstance.swift in Sources */ = {isa = PBXBuildFile; fileRef = E8A29FA02C0D349500AADDC5 /* IndexedSpriteInstance.swift */; };
		E8A29FC92C0D349500AADDC5 /* Math.swift in Sources */ = {isa = PBXBuildFile; fileRef = E8A29FA12C0D349500AADDC5 /* Math.swift */; };
		E8A29FCA2C0D349500AADDC5 /* Matrix.swift in Sources */ = {isa = PBXBuildFile; fileRef = E8A29FA22C0D349500AADDC5 /* Matrix.swift */; };
		E8A29FCB2C0D349500AADDC5 /* Sprite.swift in Sources */ = {isa = PBXBuildFile; fileRef = E8A29FA32C0D349500AADDC5 /* Sprite.swift */; };
		E8A29FCC2C0D349500AADDC5 /* MetalEngine.swift in Sources */ = {isa = PBXBuildFile; fileRef = E8A29FA52C0D349500AADDC5 /* MetalEngine.swift */; };
		E8A29FCD2C0D349500AADDC5 /* MetalPipeline.swift in Sources */ = {isa = PBXBuildFile; fileRef = E8A29FA62C0D349500AADDC5 /* MetalPipeline.swift */; };
		E8A29FCE2C0D349500AADDC5 /* MetalView.swift in Sources */ = {isa = PBXBuildFile; fileRef = E8A29FA72C0D349500AADDC5 /* MetalView.swift */; };
		E8A29FCF2C0D349500AADDC5 /* MetalViewController.swift in Sources */ = {isa = PBXBuildFile; fileRef = E8A29FA82C0D349500AADDC5 /* MetalViewController.swift */; };
		E8A29FD02C0D349500AADDC5 /* GaussianBlurIndexed.metal in Sources */ = {isa = PBXBuildFile; fileRef = E8A29FAA2C0D349500AADDC5 /* GaussianBlurIndexed.metal */; };
		E8A29FD12C0D349500AADDC5 /* ShapeNodeIndexed.metal in Sources */ = {isa = PBXBuildFile; fileRef = E8A29FAB2C0D349500AADDC5 /* ShapeNodeIndexed.metal */; };
		E8A29FD22C0D349500AADDC5 /* SpriteNodeIndexed.metal in Sources */ = {isa = PBXBuildFile; fileRef = E8A29FAC2C0D349500AADDC5 /* SpriteNodeIndexed.metal */; };
		E8A29FD32C0D349500AADDC5 /* Uniforms.swift in Sources */ = {isa = PBXBuildFile; fileRef = E8A29FAE2C0D349500AADDC5 /* Uniforms.swift */; };
		E8A29FD42C0D349500AADDC5 /* UniformsShape.swift in Sources */ = {isa = PBXBuildFile; fileRef = E8A29FAF2C0D349500AADDC5 /* UniformsShape.swift */; };
		E8A29FD52C0D349500AADDC5 /* UniformsShapeNodeIndexed.swift in Sources */ = {isa = PBXBuildFile; fileRef = E8A29FB02C0D349500AADDC5 /* UniformsShapeNodeIndexed.swift */; };
		E8A29FD62C0D349500AADDC5 /* UniformsSprite.swift in Sources */ = {isa = PBXBuildFile; fileRef = E8A29FB12C0D349500AADDC5 /* UniformsSprite.swift */; };
		E8A29FD72C0D349500AADDC5 /* UniformsSpriteNodeIndexed.swift in Sources */ = {isa = PBXBuildFile; fileRef = E8A29FB22C0D349500AADDC5 /* UniformsSpriteNodeIndexed.swift */; };
		E8A29FD82C0D349500AADDC5 /* Earth.swift in Sources */ = {isa = PBXBuildFile; fileRef = E8A29FB42C0D349500AADDC5 /* Earth.swift */; };
		E8A29FD92C0D349500AADDC5 /* EarthModelData.swift in Sources */ = {isa = PBXBuildFile; fileRef = E8A29FB52C0D349500AADDC5 /* EarthModelData.swift */; };
		E8A29FDA2C0D349500AADDC5 /* EarthModelDataStrip.swift in Sources */ = {isa = PBXBuildFile; fileRef = E8A29FB62C0D349500AADDC5 /* EarthModelDataStrip.swift */; };
		E8A29FDB2C0D349500AADDC5 /* EarthScene.swift in Sources */ = {isa = PBXBuildFile; fileRef = E8A29FB72C0D349500AADDC5 /* EarthScene.swift */; };
		E8A29FDC2C0D349500AADDC5 /* EarthSceneView.swift in Sources */ = {isa = PBXBuildFile; fileRef = E8A29FB82C0D349500AADDC5 /* EarthSceneView.swift */; };
		E8A29FE12C0D349500AADDC5 /* StereoScopeApp.swift in Sources */ = {isa = PBXBuildFile; fileRef = E8A29FBD2C0D349500AADDC5 /* StereoScopeApp.swift */; };
		E8A29FE32C0D373300AADDC5 /* IndexedDrawable.swift in Sources */ = {isa = PBXBuildFile; fileRef = E8A29FE22C0D373300AADDC5 /* IndexedDrawable.swift */; };
		E8A29FE72C0D3D1D00AADDC5 /* Primitives.swift in Sources */ = {isa = PBXBuildFile; fileRef = E8A29FE62C0D3D1D00AADDC5 /* Primitives.swift */; };
		E8CD72B42C00E59E00D13962 /* Assets.xcassets in Resources */ = {isa = PBXBuildFile; fileRef = E8CD72B32C00E59E00D13962 /* Assets.xcassets */; };
		E8CD72B72C00E59E00D13962 /* Preview Assets.xcassets in Resources */ = {isa = PBXBuildFile; fileRef = E8CD72B62C00E59E00D13962 /* Preview Assets.xcassets */; };
/* End PBXBuildFile section */

/* Begin PBXFileReference section */
		E8A29F972C0D349500AADDC5 /* Graphics.swift */ = {isa = PBXFileReference; fileEncoding = 4; lastKnownFileType = sourcecode.swift; path = Graphics.swift; sourceTree = "<group>"; };
		E8A29F982C0D349500AADDC5 /* IndexedBuffer.swift */ = {isa = PBXFileReference; fileEncoding = 4; lastKnownFileType = sourcecode.swift; path = IndexedBuffer.swift; sourceTree = "<group>"; };
		E8A29F992C0D349500AADDC5 /* IndexedBufferable.swift */ = {isa = PBXFileReference; fileEncoding = 4; lastKnownFileType = sourcecode.swift; path = IndexedBufferable.swift; sourceTree = "<group>"; };
		E8A29F9A2C0D349500AADDC5 /* IndexedInstance.swift */ = {isa = PBXFileReference; fileEncoding = 4; lastKnownFileType = sourcecode.swift; path = IndexedInstance.swift; sourceTree = "<group>"; };
		E8A29F9B2C0D349500AADDC5 /* IndexedInstanceable.swift */ = {isa = PBXFileReference; fileEncoding = 4; lastKnownFileType = sourcecode.swift; path = IndexedInstanceable.swift; sourceTree = "<group>"; };
		E8A29F9C2C0D349500AADDC5 /* IndexedNightBuffer.swift */ = {isa = PBXFileReference; fileEncoding = 4; lastKnownFileType = sourcecode.swift; path = IndexedNightBuffer.swift; sourceTree = "<group>"; };
		E8A29F9D2C0D349500AADDC5 /* IndexedShapeBuffer.swift */ = {isa = PBXFileReference; fileEncoding = 4; lastKnownFileType = sourcecode.swift; path = IndexedShapeBuffer.swift; sourceTree = "<group>"; };
		E8A29F9E2C0D349500AADDC5 /* IndexedShapeInstance.swift */ = {isa = PBXFileReference; fileEncoding = 4; lastKnownFileType = sourcecode.swift; path = IndexedShapeInstance.swift; sourceTree = "<group>"; };
		E8A29F9F2C0D349500AADDC5 /* IndexedSpriteBuffer.swift */ = {isa = PBXFileReference; fileEncoding = 4; lastKnownFileType = sourcecode.swift; path = IndexedSpriteBuffer.swift; sourceTree = "<group>"; };
		E8A29FA02C0D349500AADDC5 /* IndexedSpriteInstance.swift */ = {isa = PBXFileReference; fileEncoding = 4; lastKnownFileType = sourcecode.swift; path = IndexedSpriteInstance.swift; sourceTree = "<group>"; };
		E8A29FA12C0D349500AADDC5 /* Math.swift */ = {isa = PBXFileReference; fileEncoding = 4; lastKnownFileType = sourcecode.swift; path = Math.swift; sourceTree = "<group>"; };
		E8A29FA22C0D349500AADDC5 /* Matrix.swift */ = {isa = PBXFileReference; fileEncoding = 4; lastKnownFileType = sourcecode.swift; path = Matrix.swift; sourceTree = "<group>"; };
		E8A29FA32C0D349500AADDC5 /* Sprite.swift */ = {isa = PBXFileReference; fileEncoding = 4; lastKnownFileType = sourcecode.swift; path = Sprite.swift; sourceTree = "<group>"; };
		E8A29FA52C0D349500AADDC5 /* MetalEngine.swift */ = {isa = PBXFileReference; fileEncoding = 4; lastKnownFileType = sourcecode.swift; path = MetalEngine.swift; sourceTree = "<group>"; };
		E8A29FA62C0D349500AADDC5 /* MetalPipeline.swift */ = {isa = PBXFileReference; fileEncoding = 4; lastKnownFileType = sourcecode.swift; path = MetalPipeline.swift; sourceTree = "<group>"; };
		E8A29FA72C0D349500AADDC5 /* MetalView.swift */ = {isa = PBXFileReference; fileEncoding = 4; lastKnownFileType = sourcecode.swift; path = MetalView.swift; sourceTree = "<group>"; };
		E8A29FA82C0D349500AADDC5 /* MetalViewController.swift */ = {isa = PBXFileReference; fileEncoding = 4; lastKnownFileType = sourcecode.swift; path = MetalViewController.swift; sourceTree = "<group>"; };
		E8A29FAA2C0D349500AADDC5 /* GaussianBlurIndexed.metal */ = {isa = PBXFileReference; fileEncoding = 4; lastKnownFileType = sourcecode.metal; path = GaussianBlurIndexed.metal; sourceTree = "<group>"; };
		E8A29FAB2C0D349500AADDC5 /* ShapeNodeIndexed.metal */ = {isa = PBXFileReference; fileEncoding = 4; lastKnownFileType = sourcecode.metal; path = ShapeNodeIndexed.metal; sourceTree = "<group>"; };
		E8A29FAC2C0D349500AADDC5 /* SpriteNodeIndexed.metal */ = {isa = PBXFileReference; fileEncoding = 4; lastKnownFileType = sourcecode.metal; path = SpriteNodeIndexed.metal; sourceTree = "<group>"; };
		E8A29FAE2C0D349500AADDC5 /* Uniforms.swift */ = {isa = PBXFileReference; fileEncoding = 4; lastKnownFileType = sourcecode.swift; path = Uniforms.swift; sourceTree = "<group>"; };
		E8A29FAF2C0D349500AADDC5 /* UniformsShape.swift */ = {isa = PBXFileReference; fileEncoding = 4; lastKnownFileType = sourcecode.swift; path = UniformsShape.swift; sourceTree = "<group>"; };
		E8A29FB02C0D349500AADDC5 /* UniformsShapeNodeIndexed.swift */ = {isa = PBXFileReference; fileEncoding = 4; lastKnownFileType = sourcecode.swift; path = UniformsShapeNodeIndexed.swift; sourceTree = "<group>"; };
		E8A29FB12C0D349500AADDC5 /* UniformsSprite.swift */ = {isa = PBXFileReference; fileEncoding = 4; lastKnownFileType = sourcecode.swift; path = UniformsSprite.swift; sourceTree = "<group>"; };
		E8A29FB22C0D349500AADDC5 /* UniformsSpriteNodeIndexed.swift */ = {isa = PBXFileReference; fileEncoding = 4; lastKnownFileType = sourcecode.swift; path = UniformsSpriteNodeIndexed.swift; sourceTree = "<group>"; };
		E8A29FB42C0D349500AADDC5 /* Earth.swift */ = {isa = PBXFileReference; fileEncoding = 4; lastKnownFileType = sourcecode.swift; path = Earth.swift; sourceTree = "<group>"; };
		E8A29FB52C0D349500AADDC5 /* EarthModelData.swift */ = {isa = PBXFileReference; fileEncoding = 4; lastKnownFileType = sourcecode.swift; path = EarthModelData.swift; sourceTree = "<group>"; };
		E8A29FB62C0D349500AADDC5 /* EarthModelDataStrip.swift */ = {isa = PBXFileReference; fileEncoding = 4; lastKnownFileType = sourcecode.swift; path = EarthModelDataStrip.swift; sourceTree = "<group>"; };
		E8A29FB72C0D349500AADDC5 /* EarthScene.swift */ = {isa = PBXFileReference; fileEncoding = 4; lastKnownFileType = sourcecode.swift; path = EarthScene.swift; sourceTree = "<group>"; };
		E8A29FB82C0D349500AADDC5 /* EarthSceneView.swift */ = {isa = PBXFileReference; fileEncoding = 4; lastKnownFileType = sourcecode.swift; path = EarthSceneView.swift; sourceTree = "<group>"; };
		E8A29FBD2C0D349500AADDC5 /* StereoScopeApp.swift */ = {isa = PBXFileReference; fileEncoding = 4; lastKnownFileType = sourcecode.swift; path = StereoScopeApp.swift; sourceTree = "<group>"; };
		E8A29FE22C0D373300AADDC5 /* IndexedDrawable.swift */ = {isa = PBXFileReference; lastKnownFileType = sourcecode.swift; path = IndexedDrawable.swift; sourceTree = "<group>"; };
		E8A29FE62C0D3D1D00AADDC5 /* Primitives.swift */ = {isa = PBXFileReference; fileEncoding = 4; lastKnownFileType = sourcecode.swift; path = Primitives.swift; sourceTree = "<group>"; };
		E8CD72AC2C00E59D00D13962 /* StereoScope.app */ = {isa = PBXFileReference; explicitFileType = wrapper.application; includeInIndex = 0; path = StereoScope.app; sourceTree = BUILT_PRODUCTS_DIR; };
		E8CD72B32C00E59E00D13962 /* Assets.xcassets */ = {isa = PBXFileReference; lastKnownFileType = folder.assetcatalog; path = Assets.xcassets; sourceTree = "<group>"; };
		E8CD72B62C00E59E00D13962 /* Preview Assets.xcassets */ = {isa = PBXFileReference; lastKnownFileType = folder.assetcatalog; path = "Preview Assets.xcassets"; sourceTree = "<group>"; };
/* End PBXFileReference section */

/* Begin PBXFrameworksBuildPhase section */
		E8CD72A92C00E59D00D13962 /* Frameworks */ = {
			isa = PBXFrameworksBuildPhase;
			buildActionMask = 2147483647;
			files = (
			);
			runOnlyForDeploymentPostprocessing = 0;
		};
/* End PBXFrameworksBuildPhase section */

/* Begin PBXGroup section */
		E8A29FA42C0D349500AADDC5 /* [Graphics] */ = {
			isa = PBXGroup;
			children = (
				E8A29FE62C0D3D1D00AADDC5 /* Primitives.swift */,
				E8A29F972C0D349500AADDC5 /* Graphics.swift */,
				E8A29FE22C0D373300AADDC5 /* IndexedDrawable.swift */,
				E8A29F992C0D349500AADDC5 /* IndexedBufferable.swift */,
				E8A29F9B2C0D349500AADDC5 /* IndexedInstanceable.swift */,
				E8A29F982C0D349500AADDC5 /* IndexedBuffer.swift */,
				E8A29F9A2C0D349500AADDC5 /* IndexedInstance.swift */,
				E8A29F9C2C0D349500AADDC5 /* IndexedNightBuffer.swift */,
				E8A29F9D2C0D349500AADDC5 /* IndexedShapeBuffer.swift */,
				E8A29F9E2C0D349500AADDC5 /* IndexedShapeInstance.swift */,
				E8A29F9F2C0D349500AADDC5 /* IndexedSpriteBuffer.swift */,
				E8A29FA02C0D349500AADDC5 /* IndexedSpriteInstance.swift */,
				E8A29FA12C0D349500AADDC5 /* Math.swift */,
				E8A29FA22C0D349500AADDC5 /* Matrix.swift */,
				E8A29FA32C0D349500AADDC5 /* Sprite.swift */,
			);
			path = "[Graphics]";
			sourceTree = "<group>";
		};
		E8A29FA92C0D349500AADDC5 /* [Metal] */ = {
			isa = PBXGroup;
			children = (
				E8A29FA52C0D349500AADDC5 /* MetalEngine.swift */,
				E8A29FA62C0D349500AADDC5 /* MetalPipeline.swift */,
				E8A29FA72C0D349500AADDC5 /* MetalView.swift */,
				E8A29FA82C0D349500AADDC5 /* MetalViewController.swift */,
			);
			path = "[Metal]";
			sourceTree = "<group>";
		};
		E8A29FAD2C0D349500AADDC5 /* [Shaders] */ = {
			isa = PBXGroup;
			children = (
				E8A29FAA2C0D349500AADDC5 /* GaussianBlurIndexed.metal */,
				E8A29FAB2C0D349500AADDC5 /* ShapeNodeIndexed.metal */,
				E8A29FAC2C0D349500AADDC5 /* SpriteNodeIndexed.metal */,
			);
			path = "[Shaders]";
			sourceTree = "<group>";
		};
		E8A29FB32C0D349500AADDC5 /* [Uniforms] */ = {
			isa = PBXGroup;
			children = (
				E8A29FAE2C0D349500AADDC5 /* Uniforms.swift */,
				E8A29FAF2C0D349500AADDC5 /* UniformsShape.swift */,
				E8A29FB02C0D349500AADDC5 /* UniformsShapeNodeIndexed.swift */,
				E8A29FB12C0D349500AADDC5 /* UniformsSprite.swift */,
				E8A29FB22C0D349500AADDC5 /* UniformsSpriteNodeIndexed.swift */,
			);
			path = "[Uniforms]";
			sourceTree = "<group>";
		};
		E8A29FBE2C0D349500AADDC5 /* Code */ = {
			isa = PBXGroup;
			children = (
				E8A29FA42C0D349500AADDC5 /* [Graphics] */,
				E8A29FA92C0D349500AADDC5 /* [Metal] */,
				E8A29FAD2C0D349500AADDC5 /* [Shaders] */,
				E8A29FB32C0D349500AADDC5 /* [Uniforms] */,
				E8A29FB42C0D349500AADDC5 /* Earth.swift */,
				E8A29FB52C0D349500AADDC5 /* EarthModelData.swift */,
				E8A29FB62C0D349500AADDC5 /* EarthModelDataStrip.swift */,
				E8A29FB72C0D349500AADDC5 /* EarthScene.swift */,
				E8A29FB82C0D349500AADDC5 /* EarthSceneView.swift */,
				E8A29FBD2C0D349500AADDC5 /* StereoScopeApp.swift */,
			);
			path = Code;
			sourceTree = "<group>";
		};
		E8CD72A32C00E59D00D13962 = {
			isa = PBXGroup;
			children = (
				E8CD72AE2C00E59D00D13962 /* StereoScope */,
				E8CD72AD2C00E59D00D13962 /* Products */,
			);
			sourceTree = "<group>";
		};
		E8CD72AD2C00E59D00D13962 /* Products */ = {
			isa = PBXGroup;
			children = (
				E8CD72AC2C00E59D00D13962 /* StereoScope.app */,
			);
			name = Products;
			sourceTree = "<group>";
		};
		E8CD72AE2C00E59D00D13962 /* StereoScope */ = {
			isa = PBXGroup;
			children = (
				E8A29FBE2C0D349500AADDC5 /* Code */,
				E8CD72B32C00E59E00D13962 /* Assets.xcassets */,
				E8CD72B52C00E59E00D13962 /* Preview Content */,
			);
			path = StereoScope;
			sourceTree = "<group>";
		};
		E8CD72B52C00E59E00D13962 /* Preview Content */ = {
			isa = PBXGroup;
			children = (
				E8CD72B62C00E59E00D13962 /* Preview Assets.xcassets */,
			);
			path = "Preview Content";
			sourceTree = "<group>";
		};
/* End PBXGroup section */

/* Begin PBXNativeTarget section */
		E8CD72AB2C00E59D00D13962 /* StereoScope */ = {
			isa = PBXNativeTarget;
			buildConfigurationList = E8CD72BA2C00E59E00D13962 /* Build configuration list for PBXNativeTarget "StereoScope" */;
			buildPhases = (
				E8CD72A82C00E59D00D13962 /* Sources */,
				E8CD72A92C00E59D00D13962 /* Frameworks */,
				E8CD72AA2C00E59D00D13962 /* Resources */,
			);
			buildRules = (
			);
			dependencies = (
			);
			name = StereoScope;
			productName = StereoScope;
			productReference = E8CD72AC2C00E59D00D13962 /* StereoScope.app */;
			productType = "com.apple.product-type.application";
		};
/* End PBXNativeTarget section */

/* Begin PBXProject section */
		E8CD72A42C00E59D00D13962 /* Project object */ = {
			isa = PBXProject;
			attributes = {
				BuildIndependentTargetsInParallel = 1;
				LastSwiftUpdateCheck = 1540;
				LastUpgradeCheck = 1540;
				TargetAttributes = {
					E8CD72AB2C00E59D00D13962 = {
						CreatedOnToolsVersion = 15.4;
					};
				};
			};
			buildConfigurationList = E8CD72A72C00E59D00D13962 /* Build configuration list for PBXProject "StereoScope" */;
			compatibilityVersion = "Xcode 14.0";
			developmentRegion = en;
			hasScannedForEncodings = 0;
			knownRegions = (
				en,
				Base,
			);
			mainGroup = E8CD72A32C00E59D00D13962;
			productRefGroup = E8CD72AD2C00E59D00D13962 /* Products */;
			projectDirPath = "";
			projectRoot = "";
			targets = (
				E8CD72AB2C00E59D00D13962 /* StereoScope */,
			);
		};
/* End PBXProject section */

/* Begin PBXResourcesBuildPhase section */
		E8CD72AA2C00E59D00D13962 /* Resources */ = {
			isa = PBXResourcesBuildPhase;
			buildActionMask = 2147483647;
			files = (
				E8CD72B72C00E59E00D13962 /* Preview Assets.xcassets in Resources */,
				E8CD72B42C00E59E00D13962 /* Assets.xcassets in Resources */,
			);
			runOnlyForDeploymentPostprocessing = 0;
		};
/* End PBXResourcesBuildPhase section */

/* Begin PBXSourcesBuildPhase section */
		E8CD72A82C00E59D00D13962 /* Sources */ = {
			isa = PBXSourcesBuildPhase;
			buildActionMask = 2147483647;
			files = (
				E8A29FDC2C0D349500AADDC5 /* EarthSceneView.swift in Sources */,
				E8A29FBF2C0D349500AADDC5 /* Graphics.swift in Sources */,
				E8A29FD32C0D349500AADDC5 /* Uniforms.swift in Sources */,
				E8A29FC32C0D349500AADDC5 /* IndexedInstanceable.swift in Sources */,
				E8A29FC92C0D349500AADDC5 /* Math.swift in Sources */,
				E8A29FC02C0D349500AADDC5 /* IndexedBuffer.swift in Sources */,
				E8A29FE12C0D349500AADDC5 /* StereoScopeApp.swift in Sources */,
				E8A29FCB2C0D349500AADDC5 /* Sprite.swift in Sources */,
				E8A29FC82C0D349500AADDC5 /* IndexedSpriteInstance.swift in Sources */,
				E8A29FE32C0D373300AADDC5 /* IndexedDrawable.swift in Sources */,
				E8A29FD22C0D349500AADDC5 /* SpriteNodeIndexed.metal in Sources */,
				E8A29FD82C0D349500AADDC5 /* Earth.swift in Sources */,
				E8A29FDA2C0D349500AADDC5 /* EarthModelDataStrip.swift in Sources */,
				E8A29FD52C0D349500AADDC5 /* UniformsShapeNodeIndexed.swift in Sources */,
				E8A29FCD2C0D349500AADDC5 /* MetalPipeline.swift in Sources */,
				E8A29FC22C0D349500AADDC5 /* IndexedInstance.swift in Sources */,
				E8A29FD92C0D349500AADDC5 /* EarthModelData.swift in Sources */,
				E8A29FCE2C0D349500AADDC5 /* MetalView.swift in Sources */,
				E8A29FC72C0D349500AADDC5 /* IndexedSpriteBuffer.swift in Sources */,
				E8A29FC62C0D349500AADDC5 /* IndexedShapeInstance.swift in Sources */,
				E8A29FD12C0D349500AADDC5 /* ShapeNodeIndexed.metal in Sources */,
				E8A29FD02C0D349500AADDC5 /* GaussianBlurIndexed.metal in Sources */,
				E8A29FE72C0D3D1D00AADDC5 /* Primitives.swift in Sources */,
				E8A29FCC2C0D349500AADDC5 /* MetalEngine.swift in Sources */,
				E8A29FD62C0D349500AADDC5 /* UniformsSprite.swift in Sources */,
				E8A29FDB2C0D349500AADDC5 /* EarthScene.swift in Sources */,
				E8A29FCA2C0D349500AADDC5 /* Matrix.swift in Sources */,
				E8A29FC42C0D349500AADDC5 /* IndexedNightBuffer.swift in Sources */,
				E8A29FD42C0D349500AADDC5 /* UniformsShape.swift in Sources */,
				E8A29FC52C0D349500AADDC5 /* IndexedShapeBuffer.swift in Sources */,
				E8A29FCF2C0D349500AADDC5 /* MetalViewController.swift in Sources */,
				E8A29FC12C0D349500AADDC5 /* IndexedBufferable.swift in Sources */,
				E8A29FD72C0D349500AADDC5 /* UniformsSpriteNodeIndexed.swift in Sources */,
			);
			runOnlyForDeploymentPostprocessing = 0;
		};
/* End PBXSourcesBuildPhase section */

/* Begin XCBuildConfiguration section */
		E8CD72B82C00E59E00D13962 /* Debug */ = {
			isa = XCBuildConfiguration;
			buildSettings = {
				ALWAYS_SEARCH_USER_PATHS = NO;
				ASSETCATALOG_COMPILER_GENERATE_SWIFT_ASSET_SYMBOL_EXTENSIONS = YES;
				CLANG_ANALYZER_NONNULL = YES;
				CLANG_ANALYZER_NUMBER_OBJECT_CONVERSION = YES_AGGRESSIVE;
				CLANG_CXX_LANGUAGE_STANDARD = "gnu++20";
				CLANG_ENABLE_MODULES = YES;
				CLANG_ENABLE_OBJC_ARC = YES;
				CLANG_ENABLE_OBJC_WEAK = YES;
				CLANG_WARN_BLOCK_CAPTURE_AUTORELEASING = YES;
				CLANG_WARN_BOOL_CONVERSION = YES;
				CLANG_WARN_COMMA = YES;
				CLANG_WARN_CONSTANT_CONVERSION = YES;
				CLANG_WARN_DEPRECATED_OBJC_IMPLEMENTATIONS = YES;
				CLANG_WARN_DIRECT_OBJC_ISA_USAGE = YES_ERROR;
				CLANG_WARN_DOCUMENTATION_COMMENTS = YES;
				CLANG_WARN_EMPTY_BODY = YES;
				CLANG_WARN_ENUM_CONVERSION = YES;
				CLANG_WARN_INFINITE_RECURSION = YES;
				CLANG_WARN_INT_CONVERSION = YES;
				CLANG_WARN_NON_LITERAL_NULL_CONVERSION = YES;
				CLANG_WARN_OBJC_IMPLICIT_RETAIN_SELF = YES;
				CLANG_WARN_OBJC_LITERAL_CONVERSION = YES;
				CLANG_WARN_OBJC_ROOT_CLASS = YES_ERROR;
				CLANG_WARN_QUOTED_INCLUDE_IN_FRAMEWORK_HEADER = YES;
				CLANG_WARN_RANGE_LOOP_ANALYSIS = YES;
				CLANG_WARN_STRICT_PROTOTYPES = YES;
				CLANG_WARN_SUSPICIOUS_MOVE = YES;
				CLANG_WARN_UNGUARDED_AVAILABILITY = YES_AGGRESSIVE;
				CLANG_WARN_UNREACHABLE_CODE = YES;
				CLANG_WARN__DUPLICATE_METHOD_MATCH = YES;
				COPY_PHASE_STRIP = NO;
				DEBUG_INFORMATION_FORMAT = dwarf;
				ENABLE_STRICT_OBJC_MSGSEND = YES;
				ENABLE_TESTABILITY = YES;
				ENABLE_USER_SCRIPT_SANDBOXING = YES;
				GCC_C_LANGUAGE_STANDARD = gnu17;
				GCC_DYNAMIC_NO_PIC = NO;
				GCC_NO_COMMON_BLOCKS = YES;
				GCC_OPTIMIZATION_LEVEL = 0;
				GCC_PREPROCESSOR_DEFINITIONS = (
					"DEBUG=1",
					"$(inherited)",
				);
				GCC_WARN_64_TO_32_BIT_CONVERSION = YES;
				GCC_WARN_ABOUT_RETURN_TYPE = YES_ERROR;
				GCC_WARN_UNDECLARED_SELECTOR = YES;
				GCC_WARN_UNINITIALIZED_AUTOS = YES_AGGRESSIVE;
				GCC_WARN_UNUSED_FUNCTION = YES;
				GCC_WARN_UNUSED_VARIABLE = YES;
				IPHONEOS_DEPLOYMENT_TARGET = 17.5;
				LOCALIZATION_PREFERS_STRING_CATALOGS = YES;
				MTL_ENABLE_DEBUG_INFO = INCLUDE_SOURCE;
				MTL_FAST_MATH = YES;
				ONLY_ACTIVE_ARCH = YES;
				SDKROOT = iphoneos;
				SWIFT_ACTIVE_COMPILATION_CONDITIONS = "DEBUG $(inherited)";
				SWIFT_OPTIMIZATION_LEVEL = "-Onone";
			};
			name = Debug;
		};
		E8CD72B92C00E59E00D13962 /* Release */ = {
			isa = XCBuildConfiguration;
			buildSettings = {
				ALWAYS_SEARCH_USER_PATHS = NO;
				ASSETCATALOG_COMPILER_GENERATE_SWIFT_ASSET_SYMBOL_EXTENSIONS = YES;
				CLANG_ANALYZER_NONNULL = YES;
				CLANG_ANALYZER_NUMBER_OBJECT_CONVERSION = YES_AGGRESSIVE;
				CLANG_CXX_LANGUAGE_STANDARD = "gnu++20";
				CLANG_ENABLE_MODULES = YES;
				CLANG_ENABLE_OBJC_ARC = YES;
				CLANG_ENABLE_OBJC_WEAK = YES;
				CLANG_WARN_BLOCK_CAPTURE_AUTORELEASING = YES;
				CLANG_WARN_BOOL_CONVERSION = YES;
				CLANG_WARN_COMMA = YES;
				CLANG_WARN_CONSTANT_CONVERSION = YES;
				CLANG_WARN_DEPRECATED_OBJC_IMPLEMENTATIONS = YES;
				CLANG_WARN_DIRECT_OBJC_ISA_USAGE = YES_ERROR;
				CLANG_WARN_DOCUMENTATION_COMMENTS = YES;
				CLANG_WARN_EMPTY_BODY = YES;
				CLANG_WARN_ENUM_CONVERSION = YES;
				CLANG_WARN_INFINITE_RECURSION = YES;
				CLANG_WARN_INT_CONVERSION = YES;
				CLANG_WARN_NON_LITERAL_NULL_CONVERSION = YES;
				CLANG_WARN_OBJC_IMPLICIT_RETAIN_SELF = YES;
				CLANG_WARN_OBJC_LITERAL_CONVERSION = YES;
				CLANG_WARN_OBJC_ROOT_CLASS = YES_ERROR;
				CLANG_WARN_QUOTED_INCLUDE_IN_FRAMEWORK_HEADER = YES;
				CLANG_WARN_RANGE_LOOP_ANALYSIS = YES;
				CLANG_WARN_STRICT_PROTOTYPES = YES;
				CLANG_WARN_SUSPICIOUS_MOVE = YES;
				CLANG_WARN_UNGUARDED_AVAILABILITY = YES_AGGRESSIVE;
				CLANG_WARN_UNREACHABLE_CODE = YES;
				CLANG_WARN__DUPLICATE_METHOD_MATCH = YES;
				COPY_PHASE_STRIP = NO;
				DEBUG_INFORMATION_FORMAT = "dwarf-with-dsym";
				ENABLE_NS_ASSERTIONS = NO;
				ENABLE_STRICT_OBJC_MSGSEND = YES;
				ENABLE_USER_SCRIPT_SANDBOXING = YES;
				GCC_C_LANGUAGE_STANDARD = gnu17;
				GCC_NO_COMMON_BLOCKS = YES;
				GCC_WARN_64_TO_32_BIT_CONVERSION = YES;
				GCC_WARN_ABOUT_RETURN_TYPE = YES_ERROR;
				GCC_WARN_UNDECLARED_SELECTOR = YES;
				GCC_WARN_UNINITIALIZED_AUTOS = YES_AGGRESSIVE;
				GCC_WARN_UNUSED_FUNCTION = YES;
				GCC_WARN_UNUSED_VARIABLE = YES;
				IPHONEOS_DEPLOYMENT_TARGET = 17.5;
				LOCALIZATION_PREFERS_STRING_CATALOGS = YES;
				MTL_ENABLE_DEBUG_INFO = NO;
				MTL_FAST_MATH = YES;
				SDKROOT = iphoneos;
				SWIFT_COMPILATION_MODE = wholemodule;
				VALIDATE_PRODUCT = YES;
			};
			name = Release;
		};
		E8CD72BB2C00E59E00D13962 /* Debug */ = {
			isa = XCBuildConfiguration;
			buildSettings = {
				ASSETCATALOG_COMPILER_APPICON_NAME = AppIcon;
				ASSETCATALOG_COMPILER_GLOBAL_ACCENT_COLOR_NAME = AccentColor;
				CODE_SIGN_IDENTITY = "Apple Development";
				CODE_SIGN_STYLE = Automatic;
				CURRENT_PROJECT_VERSION = 1;
				DEVELOPMENT_ASSET_PATHS = "\"StereoScope/Preview Content\"";
				DEVELOPMENT_TEAM = 2GG555KD5G;
				ENABLE_PREVIEWS = YES;
				GENERATE_INFOPLIST_FILE = YES;
				INFOPLIST_KEY_UIApplicationSceneManifest_Generation = YES;
				INFOPLIST_KEY_UIApplicationSupportsIndirectInputEvents = YES;
				INFOPLIST_KEY_UILaunchScreen_Generation = YES;
				INFOPLIST_KEY_UISupportedInterfaceOrientations = UIInterfaceOrientationPortrait;
				INFOPLIST_KEY_UISupportedInterfaceOrientations_iPad = "UIInterfaceOrientationPortrait UIInterfaceOrientationPortraitUpsideDown";
				IPHONEOS_DEPLOYMENT_TARGET = 17.0;
				LD_RUNPATH_SEARCH_PATHS = (
					"$(inherited)",
					"@executable_path/Frameworks",
				);
				MARKETING_VERSION = 1.0;
				PRODUCT_BUNDLE_IDENTIFIER = com.froggy.stereoscopic;
				PRODUCT_NAME = "$(TARGET_NAME)";
				PROVISIONING_PROFILE_SPECIFIER = "";
				SWIFT_EMIT_LOC_STRINGS = YES;
				SWIFT_VERSION = 5.0;
				TARGETED_DEVICE_FAMILY = "1,2";
			};
			name = Debug;
		};
		E8CD72BC2C00E59E00D13962 /* Release */ = {
			isa = XCBuildConfiguration;
			buildSettings = {
				ASSETCATALOG_COMPILER_APPICON_NAME = AppIcon;
				ASSETCATALOG_COMPILER_GLOBAL_ACCENT_COLOR_NAME = AccentColor;
				CODE_SIGN_IDENTITY = "Apple Development";
				CODE_SIGN_STYLE = Automatic;
				CURRENT_PROJECT_VERSION = 1;
				DEVELOPMENT_ASSET_PATHS = "\"StereoScope/Preview Content\"";
				DEVELOPMENT_TEAM = 2GG555KD5G;
				ENABLE_PREVIEWS = YES;
				GENERATE_INFOPLIST_FILE = YES;
				INFOPLIST_KEY_UIApplicationSceneManifest_Generation = YES;
				INFOPLIST_KEY_UIApplicationSupportsIndirectInputEvents = YES;
				INFOPLIST_KEY_UILaunchScreen_Generation = YES;
				INFOPLIST_KEY_UISupportedInterfaceOrientations = UIInterfaceOrientationPortrait;
				INFOPLIST_KEY_UISupportedInterfaceOrientations_iPad = "UIInterfaceOrientationPortrait UIInterfaceOrientationPortraitUpsideDown";
				IPHONEOS_DEPLOYMENT_TARGET = 17.0;
				LD_RUNPATH_SEARCH_PATHS = (
					"$(inherited)",
					"@executable_path/Frameworks",
				);
				MARKETING_VERSION = 1.0;
				PRODUCT_BUNDLE_IDENTIFIER = com.froggy.stereoscopic;
				PRODUCT_NAME = "$(TARGET_NAME)";
				PROVISIONING_PROFILE_SPECIFIER = "";
				SWIFT_EMIT_LOC_STRINGS = YES;
				SWIFT_VERSION = 5.0;
				TARGETED_DEVICE_FAMILY = "1,2";
			};
			name = Release;
		};
/* End XCBuildConfiguration section */

/* Begin XCConfigurationList section */
		E8CD72A72C00E59D00D13962 /* Build configuration list for PBXProject "StereoScope" */ = {
			isa = XCConfigurationList;
			buildConfigurations = (
				E8CD72B82C00E59E00D13962 /* Debug */,
				E8CD72B92C00E59E00D13962 /* Release */,
			);
			defaultConfigurationIsVisible = 0;
			defaultConfigurationName = Release;
		};
		E8CD72BA2C00E59E00D13962 /* Build configuration list for PBXNativeTarget "StereoScope" */ = {
			isa = XCConfigurationList;
			buildConfigurations = (
				E8CD72BB2C00E59E00D13962 /* Debug */,
				E8CD72BC2C00E59E00D13962 /* Release */,
			);
			defaultConfigurationIsVisible = 0;
			defaultConfigurationName = Release;
		};
/* End XCConfigurationList section */
	};
	rootObject = E8CD72A42C00E59D00D13962 /* Project object */;
}
